// !$*UTF8*$!
{
	archiveVersion = 1;
	classes = {
	};
	objectVersion = 50;
	objects = {

/* Begin PBXBuildFile section */
		720723442469AB5A00F84A4F /* AppDelegate.swift in Sources */ = {isa = PBXBuildFile; fileRef = 720723432469AB5A00F84A4F /* AppDelegate.swift */; };
		720723462469AB5A00F84A4F /* SceneDelegate.swift in Sources */ = {isa = PBXBuildFile; fileRef = 720723452469AB5A00F84A4F /* SceneDelegate.swift */; };
		720723482469AB5A00F84A4F /* ContentView.swift in Sources */ = {isa = PBXBuildFile; fileRef = 720723472469AB5A00F84A4F /* ContentView.swift */; };
		7207234A2469AB5D00F84A4F /* Assets.xcassets in Resources */ = {isa = PBXBuildFile; fileRef = 720723492469AB5D00F84A4F /* Assets.xcassets */; };
		7207234D2469AB5D00F84A4F /* Preview Assets.xcassets in Resources */ = {isa = PBXBuildFile; fileRef = 7207234C2469AB5D00F84A4F /* Preview Assets.xcassets */; };
		720723502469AB5D00F84A4F /* LaunchScreen.storyboard in Resources */ = {isa = PBXBuildFile; fileRef = 7207234E2469AB5D00F84A4F /* LaunchScreen.storyboard */; };
		720723592469AE6400F84A4F /* NetworkManager.swift in Sources */ = {isa = PBXBuildFile; fileRef = 720723582469AE6400F84A4F /* NetworkManager.swift */; };
		7207235B2469AFA600F84A4F /* PostData.swift in Sources */ = {isa = PBXBuildFile; fileRef = 7207235A2469AFA600F84A4F /* PostData.swift */; };
		7207235E2469BB4000F84A4F /* DetailView.swift in Sources */ = {isa = PBXBuildFile; fileRef = 7207235D2469BB4000F84A4F /* DetailView.swift */; };
		72407EF12469C185008810D0 /* WebView.swift in Sources */ = {isa = PBXBuildFile; fileRef = 72407EF02469C185008810D0 /* WebView.swift */; };
/* End PBXBuildFile section */

/* Begin PBXFileReference section */
		720723402469AB5A00F84A4F /* H4X0R News.app */ = {isa = PBXFileReference; explicitFileType = wrapper.application; includeInIndex = 0; path = "H4X0R News.app"; sourceTree = BUILT_PRODUCTS_DIR; };
		720723432469AB5A00F84A4F /* AppDelegate.swift */ = {isa = PBXFileReference; lastKnownFileType = sourcecode.swift; path = AppDelegate.swift; sourceTree = "<group>"; };
		720723452469AB5A00F84A4F /* SceneDelegate.swift */ = {isa = PBXFileReference; lastKnownFileType = sourcecode.swift; path = SceneDelegate.swift; sourceTree = "<group>"; };
		720723472469AB5A00F84A4F /* ContentView.swift */ = {isa = PBXFileReference; lastKnownFileType = sourcecode.swift; path = ContentView.swift; sourceTree = "<group>"; };
		720723492469AB5D00F84A4F /* Assets.xcassets */ = {isa = PBXFileReference; lastKnownFileType = folder.assetcatalog; path = Assets.xcassets; sourceTree = "<group>"; };
		7207234C2469AB5D00F84A4F /* Preview Assets.xcassets */ = {isa = PBXFileReference; lastKnownFileType = folder.assetcatalog; path = "Preview Assets.xcassets"; sourceTree = "<group>"; };
		7207234F2469AB5D00F84A4F /* Base */ = {isa = PBXFileReference; lastKnownFileType = file.storyboard; name = Base; path = Base.lproj/LaunchScreen.storyboard; sourceTree = "<group>"; };
		720723512469AB5D00F84A4F /* Info.plist */ = {isa = PBXFileReference; lastKnownFileType = text.plist.xml; path = Info.plist; sourceTree = "<group>"; };
		720723582469AE6400F84A4F /* NetworkManager.swift */ = {isa = PBXFileReference; lastKnownFileType = sourcecode.swift; path = NetworkManager.swift; sourceTree = "<group>"; };
		7207235A2469AFA600F84A4F /* PostData.swift */ = {isa = PBXFileReference; lastKnownFileType = sourcecode.swift; path = PostData.swift; sourceTree = "<group>"; };
		7207235D2469BB4000F84A4F /* DetailView.swift */ = {isa = PBXFileReference; lastKnownFileType = sourcecode.swift; path = DetailView.swift; sourceTree = "<group>"; };
		72407EF02469C185008810D0 /* WebView.swift */ = {isa = PBXFileReference; lastKnownFileType = sourcecode.swift; path = WebView.swift; sourceTree = "<group>"; };
/* End PBXFileReference section */

/* Begin PBXFrameworksBuildPhase section */
		7207233D2469AB5A00F84A4F /* Frameworks */ = {
			isa = PBXFrameworksBuildPhase;
			buildActionMask = 2147483647;
			files = (
			);
			runOnlyForDeploymentPostprocessing = 0;
		};
/* End PBXFrameworksBuildPhase section */

/* Begin PBXGroup section */
		720723372469AB5A00F84A4F = {
			isa = PBXGroup;
			children = (
				720723422469AB5A00F84A4F /* H4X0R News */,
				720723412469AB5A00F84A4F /* Products */,
			);
			sourceTree = "<group>";
		};
		720723412469AB5A00F84A4F /* Products */ = {
			isa = PBXGroup;
			children = (
				720723402469AB5A00F84A4F /* H4X0R News.app */,
			);
			name = Products;
			sourceTree = "<group>";
		};
		720723422469AB5A00F84A4F /* H4X0R News */ = {
			isa = PBXGroup;
			children = (
				720723572469AE5000F84A4F /* Models */,
				720723432469AB5A00F84A4F /* AppDelegate.swift */,
				720723452469AB5A00F84A4F /* SceneDelegate.swift */,
				7207235C2469BB2100F84A4F /* Views */,
				720723492469AB5D00F84A4F /* Assets.xcassets */,
				7207234E2469AB5D00F84A4F /* LaunchScreen.storyboard */,
				720723512469AB5D00F84A4F /* Info.plist */,
				7207234B2469AB5D00F84A4F /* Preview Content */,
			);
			path = "H4X0R News";
			sourceTree = "<group>";
		};
		7207234B2469AB5D00F84A4F /* Preview Content */ = {
			isa = PBXGroup;
			children = (
				7207234C2469AB5D00F84A4F /* Preview Assets.xcassets */,
			);
			path = "Preview Content";
			sourceTree = "<group>";
		};
		720723572469AE5000F84A4F /* Models */ = {
			isa = PBXGroup;
			children = (
				720723582469AE6400F84A4F /* NetworkManager.swift */,
				7207235A2469AFA600F84A4F /* PostData.swift */,
			);
			path = Models;
			sourceTree = "<group>";
		};
		7207235C2469BB2100F84A4F /* Views */ = {
			isa = PBXGroup;
			children = (
				720723472469AB5A00F84A4F /* ContentView.swift */,
				7207235D2469BB4000F84A4F /* DetailView.swift */,
				72407EF02469C185008810D0 /* WebView.swift */,
			);
			path = Views;
			sourceTree = "<group>";
		};
/* End PBXGroup section */

/* Begin PBXNativeTarget section */
		7207233F2469AB5A00F84A4F /* H4X0R News */ = {
			isa = PBXNativeTarget;
			buildConfigurationList = 720723542469AB5D00F84A4F /* Build configuration list for PBXNativeTarget "H4X0R News" */;
			buildPhases = (
				7207233C2469AB5A00F84A4F /* Sources */,
				7207233D2469AB5A00F84A4F /* Frameworks */,
				7207233E2469AB5A00F84A4F /* Resources */,
			);
			buildRules = (
			);
			dependencies = (
			);
			name = "H4X0R News";
			productName = "H4X0R News";
			productReference = 720723402469AB5A00F84A4F /* H4X0R News.app */;
			productType = "com.apple.product-type.application";
		};
/* End PBXNativeTarget section */

/* Begin PBXProject section */
		720723382469AB5A00F84A4F /* Project object */ = {
			isa = PBXProject;
			attributes = {
				LastSwiftUpdateCheck = 1140;
				LastUpgradeCheck = 1140;
				ORGANIZATIONNAME = "Pedro Sequeira";
				TargetAttributes = {
					7207233F2469AB5A00F84A4F = {
						CreatedOnToolsVersion = 11.4.1;
					};
				};
			};
			buildConfigurationList = 7207233B2469AB5A00F84A4F /* Build configuration list for PBXProject "H4X0R News" */;
			compatibilityVersion = "Xcode 9.3";
			developmentRegion = en;
			hasScannedForEncodings = 0;
			knownRegions = (
				en,
				Base,
			);
			mainGroup = 720723372469AB5A00F84A4F;
			productRefGroup = 720723412469AB5A00F84A4F /* Products */;
			projectDirPath = "";
			projectRoot = "";
			targets = (
				7207233F2469AB5A00F84A4F /* H4X0R News */,
			);
		};
/* End PBXProject section */

/* Begin PBXResourcesBuildPhase section */
		7207233E2469AB5A00F84A4F /* Resources */ = {
			isa = PBXResourcesBuildPhase;
			buildActionMask = 2147483647;
			files = (
				720723502469AB5D00F84A4F /* LaunchScreen.storyboard in Resources */,
				7207234D2469AB5D00F84A4F /* Preview Assets.xcassets in Resources */,
				7207234A2469AB5D00F84A4F /* Assets.xcassets in Resources */,
			);
			runOnlyForDeploymentPostprocessing = 0;
		};
/* End PBXResourcesBuildPhase section */

/* Begin PBXSourcesBuildPhase section */
		7207233C2469AB5A00F84A4F /* Sources */ = {
			isa = PBXSourcesBuildPhase;
			buildActionMask = 2147483647;
			files = (
				7207235B2469AFA600F84A4F /* PostData.swift in Sources */,
				7207235E2469BB4000F84A4F /* DetailView.swift in Sources */,
				720723592469AE6400F84A4F /* NetworkManager.swift in Sources */,
				720723442469AB5A00F84A4F /* AppDelegate.swift in Sources */,
				720723462469AB5A00F84A4F /* SceneDelegate.swift in Sources */,
				720723482469AB5A00F84A4F /* ContentView.swift in Sources */,
				72407EF12469C185008810D0 /* WebView.swift in Sources */,
			);
			runOnlyForDeploymentPostprocessing = 0;
		};
/* End PBXSourcesBuildPhase section */

/* Begin PBXVariantGroup section */
		7207234E2469AB5D00F84A4F /* LaunchScreen.storyboard */ = {
			isa = PBXVariantGroup;
			children = (
				7207234F2469AB5D00F84A4F /* Base */,
			);
			name = LaunchScreen.storyboard;
			sourceTree = "<group>";
		};
/* End PBXVariantGroup section */

/* Begin XCBuildConfiguration section */
		720723522469AB5D00F84A4F /* Debug */ = {
			isa = XCBuildConfiguration;
			buildSettings = {
				ALWAYS_SEARCH_USER_PATHS = NO;
				CLANG_ANALYZER_NONNULL = YES;
				CLANG_ANALYZER_NUMBER_OBJECT_CONVERSION = YES_AGGRESSIVE;
				CLANG_CXX_LANGUAGE_STANDARD = "gnu++14";
				CLANG_CXX_LIBRARY = "libc++";
				CLANG_ENABLE_MODULES = YES;
				CLANG_ENABLE_OBJC_ARC = YES;
				CLANG_ENABLE_OBJC_WEAK = YES;
				CLANG_WARN_BLOCK_CAPTURE_AUTORELEASING = YES;
				CLANG_WARN_BOOL_CONVERSION = YES;
				CLANG_WARN_COMMA = YES;
				CLANG_WARN_CONSTANT_CONVERSION = YES;
				CLANG_WARN_DEPRECATED_OBJC_IMPLEMENTATIONS = YES;
				CLANG_WARN_DIRECT_OBJC_ISA_USAGE = YES_ERROR;
				CLANG_WARN_DOCUMENTATION_COMMENTS = YES;
				CLANG_WARN_EMPTY_BODY = YES;
				CLANG_WARN_ENUM_CONVERSION = YES;
				CLANG_WARN_INFINITE_RECURSION = YES;
				CLANG_WARN_INT_CONVERSION = YES;
				CLANG_WARN_NON_LITERAL_NULL_CONVERSION = YES;
				CLANG_WARN_OBJC_IMPLICIT_RETAIN_SELF = YES;
				CLANG_WARN_OBJC_LITERAL_CONVERSION = YES;
				CLANG_WARN_OBJC_ROOT_CLASS = YES_ERROR;
				CLANG_WARN_RANGE_LOOP_ANALYSIS = YES;
				CLANG_WARN_STRICT_PROTOTYPES = YES;
				CLANG_WARN_SUSPICIOUS_MOVE = YES;
				CLANG_WARN_UNGUARDED_AVAILABILITY = YES_AGGRESSIVE;
				CLANG_WARN_UNREACHABLE_CODE = YES;
				CLANG_WARN__DUPLICATE_METHOD_MATCH = YES;
				COPY_PHASE_STRIP = NO;
				DEBUG_INFORMATION_FORMAT = dwarf;
				ENABLE_STRICT_OBJC_MSGSEND = YES;
				ENABLE_TESTABILITY = YES;
				GCC_C_LANGUAGE_STANDARD = gnu11;
				GCC_DYNAMIC_NO_PIC = NO;
				GCC_NO_COMMON_BLOCKS = YES;
				GCC_OPTIMIZATION_LEVEL = 0;
				GCC_PREPROCESSOR_DEFINITIONS = (
					"DEBUG=1",
					"$(inherited)",
				);
				GCC_WARN_64_TO_32_BIT_CONVERSION = YES;
				GCC_WARN_ABOUT_RETURN_TYPE = YES_ERROR;
				GCC_WARN_UNDECLARED_SELECTOR = YES;
				GCC_WARN_UNINITIALIZED_AUTOS = YES_AGGRESSIVE;
				GCC_WARN_UNUSED_FUNCTION = YES;
				GCC_WARN_UNUSED_VARIABLE = YES;
				IPHONEOS_DEPLOYMENT_TARGET = 13.4;
				MTL_ENABLE_DEBUG_INFO = INCLUDE_SOURCE;
				MTL_FAST_MATH = YES;
				ONLY_ACTIVE_ARCH = YES;
				SDKROOT = iphoneos;
				SWIFT_ACTIVE_COMPILATION_CONDITIONS = DEBUG;
				SWIFT_OPTIMIZATION_LEVEL = "-Onone";
			};
			name = Debug;
		};
		720723532469AB5D00F84A4F /* Release */ = {
			isa = XCBuildConfiguration;
			buildSettings = {
				ALWAYS_SEARCH_USER_PATHS = NO;
				CLANG_ANALYZER_NONNULL = YES;
				CLANG_ANALYZER_NUMBER_OBJECT_CONVERSION = YES_AGGRESSIVE;
				CLANG_CXX_LANGUAGE_STANDARD = "gnu++14";
				CLANG_CXX_LIBRARY = "libc++";
				CLANG_ENABLE_MODULES = YES;
				CLANG_ENABLE_OBJC_ARC = YES;
				CLANG_ENABLE_OBJC_WEAK = YES;
				CLANG_WARN_BLOCK_CAPTURE_AUTORELEASING = YES;
				CLANG_WARN_BOOL_CONVERSION = YES;
				CLANG_WARN_COMMA = YES;
				CLANG_WARN_CONSTANT_CONVERSION = YES;
				CLANG_WARN_DEPRECATED_OBJC_IMPLEMENTATIONS = YES;
				CLANG_WARN_DIRECT_OBJC_ISA_USAGE = YES_ERROR;
				CLANG_WARN_DOCUMENTATION_COMMENTS = YES;
				CLANG_WARN_EMPTY_BODY = YES;
				CLANG_WARN_ENUM_CONVERSION = YES;
				CLANG_WARN_INFINITE_RECURSION = YES;
				CLANG_WARN_INT_CONVERSION = YES;
				CLANG_WARN_NON_LITERAL_NULL_CONVERSION = YES;
				CLANG_WARN_OBJC_IMPLICIT_RETAIN_SELF = YES;
				CLANG_WARN_OBJC_LITERAL_CONVERSION = YES;
				CLANG_WARN_OBJC_ROOT_CLASS = YES_ERROR;
				CLANG_WARN_RANGE_LOOP_ANALYSIS = YES;
				CLANG_WARN_STRICT_PROTOTYPES = YES;
				CLANG_WARN_SUSPICIOUS_MOVE = YES;
				CLANG_WARN_UNGUARDED_AVAILABILITY = YES_AGGRESSIVE;
				CLANG_WARN_UNREACHABLE_CODE = YES;
				CLANG_WARN__DUPLICATE_METHOD_MATCH = YES;
				COPY_PHASE_STRIP = NO;
				DEBUG_INFORMATION_FORMAT = "dwarf-with-dsym";
				ENABLE_NS_ASSERTIONS = NO;
				ENABLE_STRICT_OBJC_MSGSEND = YES;
				GCC_C_LANGUAGE_STANDARD = gnu11;
				GCC_NO_COMMON_BLOCKS = YES;
				GCC_WARN_64_TO_32_BIT_CONVERSION = YES;
				GCC_WARN_ABOUT_RETURN_TYPE = YES_ERROR;
				GCC_WARN_UNDECLARED_SELECTOR = YES;
				GCC_WARN_UNINITIALIZED_AUTOS = YES_AGGRESSIVE;
				GCC_WARN_UNUSED_FUNCTION = YES;
				GCC_WARN_UNUSED_VARIABLE = YES;
				IPHONEOS_DEPLOYMENT_TARGET = 13.4;
				MTL_ENABLE_DEBUG_INFO = NO;
				MTL_FAST_MATH = YES;
				SDKROOT = iphoneos;
				SWIFT_COMPILATION_MODE = wholemodule;
				SWIFT_OPTIMIZATION_LEVEL = "-O";
				VALIDATE_PRODUCT = YES;
			};
			name = Release;
		};
		720723552469AB5D00F84A4F /* Debug */ = {
			isa = XCBuildConfiguration;
			buildSettings = {
				ASSETCATALOG_COMPILER_APPICON_NAME = AppIcon;
				CODE_SIGN_STYLE = Automatic;
				DEVELOPMENT_ASSET_PATHS = "\"H4X0R News/Preview Content\"";
				DEVELOPMENT_TEAM = STWZ7U6GH4;
				ENABLE_PREVIEWS = YES;
				INFOPLIST_FILE = "H4X0R News/Info.plist";
				LD_RUNPATH_SEARCH_PATHS = (
					"$(inherited)",
					"@executable_path/Frameworks",
				);
				PRODUCT_BUNDLE_IDENTIFIER = "com.pedrosequeira.H4X0R-News";
				PRODUCT_NAME = "$(TARGET_NAME)";
				SWIFT_VERSION = 5.0;
				TARGETED_DEVICE_FAMILY = "1,2";
			};
			name = Debug;
		};
		720723562469AB5D00F84A4F /* Release */ = {
			isa = XCBuildConfiguration;
			buildSettings = {
				ASSETCATALOG_COMPILER_APPICON_NAME = AppIcon;
				CODE_SIGN_STYLE = Automatic;
				DEVELOPMENT_ASSET_PATHS = "\"H4X0R News/Preview Content\"";
				DEVELOPMENT_TEAM = STWZ7U6GH4;
				ENABLE_PREVIEWS = YES;
				INFOPLIST_FILE = "H4X0R News/Info.plist";
				LD_RUNPATH_SEARCH_PATHS = (
					"$(inherited)",
					"@executable_path/Frameworks",
				);
				PRODUCT_BUNDLE_IDENTIFIER = "com.pedrosequeira.H4X0R-News";
				PRODUCT_NAME = "$(TARGET_NAME)";
				SWIFT_VERSION = 5.0;
				TARGETED_DEVICE_FAMILY = "1,2";
			};
			name = Release;
		};
/* End XCBuildConfiguration section */

/* Begin XCConfigurationList section */
		7207233B2469AB5A00F84A4F /* Build configuration list for PBXProject "H4X0R News" */ = {
			isa = XCConfigurationList;
			buildConfigurations = (
				720723522469AB5D00F84A4F /* Debug */,
				720723532469AB5D00F84A4F /* Release */,
			);
			defaultConfigurationIsVisible = 0;
			defaultConfigurationName = Release;
		};
		720723542469AB5D00F84A4F /* Build configuration list for PBXNativeTarget "H4X0R News" */ = {
			isa = XCConfigurationList;
			buildConfigurations = (
				720723552469AB5D00F84A4F /* Debug */,
				720723562469AB5D00F84A4F /* Release */,
			);
			defaultConfigurationIsVisible = 0;
			defaultConfigurationName = Release;
		};
/* End XCConfigurationList section */
	};
	rootObject = 720723382469AB5A00F84A4F /* Project object */;
}
